{
  "version": 4,
  "terraform_version": "1.1.5",
  "serial": 14,
  "lineage": "a014792d-5538-7ee0-0a47-421cabd6cda1",
  "outputs": {
    "external_ip_address_node01": {
      "value": "84.201.134.212",
      "type": "string"
    },
    "external_ip_address_node02": {
      "value": "84.201.129.58",
      "type": "string"
    },
    "external_ip_address_node03": {
      "value": "62.84.125.231",
      "type": "string"
    },
    "external_ip_address_node04": {
      "value": "62.84.124.169",
      "type": "string"
    },
    "external_ip_address_node05": {
      "value": "84.201.131.123",
      "type": "string"
    },
    "external_ip_address_node06": {
      "value": "51.250.6.235",
      "type": "string"
    },
    "internal_ip_address_node01": {
      "value": "192.168.101.11",
      "type": "string"
    },
    "internal_ip_address_node02": {
      "value": "192.168.101.12",
      "type": "string"
    },
    "internal_ip_address_node03": {
      "value": "192.168.101.13",
      "type": "string"
    },
    "internal_ip_address_node04": {
      "value": "192.168.101.14",
      "type": "string"
    },
    "internal_ip_address_node05": {
      "value": "192.168.101.15",
      "type": "string"
    },
    "internal_ip_address_node06": {
      "value": "192.168.101.16",
      "type": "string"
    }
  },
  "resources": [
    {
      "mode": "managed",
      "type": "local_file",
      "name": "inventory",
      "provider": "provider[\"registry.terraform.io/hashicorp/local\"]",
      "instances": [
        {
          "schema_version": 0,
          "attributes": {
            "content": "# Ansible inventory containing variable values from Terraform.\n# Generated by Terraform.\n\n[nodes:children]\nmanagers\nworkers\n\n[managers:children]\nactive\nstandby\n\n[active]\nnode01.netology.yc ansible_host=84.201.134.212\n\n[standby]\nnode02.netology.yc ansible_host=84.201.129.58\nnode03.netology.yc ansible_host=62.84.125.231\n\n[workers]\nnode04.netology.yc ansible_host=62.84.124.169\nnode05.netology.yc ansible_host=84.201.131.123\nnode06.netology.yc ansible_host=51.250.6.235\n",
            "content_base64": null,
            "directory_permission": "0777",
            "file_permission": "0777",
            "filename": "../ansible/inventory",
            "id": "fda749c010d8ba58de750885f5ea291cd130e711",
            "sensitive_content": null,
            "source": null
          },
          "sensitive_attributes": [],
          "private": "bnVsbA==",
          "dependencies": [
            "yandex_compute_instance.node01",
            "yandex_compute_instance.node02",
            "yandex_compute_instance.node03",
            "yandex_compute_instance.node04",
            "yandex_compute_instance.node05",
            "yandex_compute_instance.node06",
            "yandex_vpc_network.default",
            "yandex_vpc_subnet.default"
          ]
        }
      ]
    },
    {
      "mode": "managed",
      "type": "null_resource",
      "name": "cluster",
      "provider": "provider[\"registry.terraform.io/hashicorp/null\"]",
      "instances": [
        {
          "schema_version": 0,
          "attributes": {
            "id": "9194625242285662144",
            "triggers": null
          },
          "sensitive_attributes": [],
          "private": "bnVsbA==",
          "dependencies": [
            "local_file.inventory",
            "null_resource.wait",
            "yandex_compute_instance.node01",
            "yandex_compute_instance.node02",
            "yandex_compute_instance.node03",
            "yandex_compute_instance.node04",
            "yandex_compute_instance.node05",
            "yandex_compute_instance.node06",
            "yandex_vpc_network.default",
            "yandex_vpc_subnet.default"
          ]
        }
      ]
    },
    {
      "mode": "managed",
      "type": "null_resource",
      "name": "monitoring",
      "provider": "provider[\"registry.terraform.io/hashicorp/null\"]",
      "instances": [
        {
          "schema_version": 0,
          "attributes": {
            "id": "5500065141153456005",
            "triggers": null
          },
          "sensitive_attributes": [],
          "private": "bnVsbA==",
          "dependencies": [
            "local_file.inventory",
            "null_resource.cluster",
            "null_resource.sync",
            "null_resource.wait",
            "yandex_compute_instance.node01",
            "yandex_compute_instance.node02",
            "yandex_compute_instance.node03",
            "yandex_compute_instance.node04",
            "yandex_compute_instance.node05",
            "yandex_compute_instance.node06",
            "yandex_vpc_network.default",
            "yandex_vpc_subnet.default"
          ]
        }
      ]
    },
    {
      "mode": "managed",
      "type": "null_resource",
      "name": "sync",
      "provider": "provider[\"registry.terraform.io/hashicorp/null\"]",
      "instances": [
        {
          "schema_version": 0,
          "attributes": {
            "id": "2349068999441455611",
            "triggers": null
          },
          "sensitive_attributes": [],
          "private": "bnVsbA==",
          "dependencies": [
            "local_file.inventory",
            "null_resource.cluster",
            "null_resource.wait",
            "yandex_compute_instance.node01",
            "yandex_compute_instance.node02",
            "yandex_compute_instance.node03",
            "yandex_compute_instance.node04",
            "yandex_compute_instance.node05",
            "yandex_compute_instance.node06",
            "yandex_vpc_network.default",
            "yandex_vpc_subnet.default"
          ]
        }
      ]
    },
    {
      "mode": "managed",
      "type": "null_resource",
      "name": "wait",
      "provider": "provider[\"registry.terraform.io/hashicorp/null\"]",
      "instances": [
        {
          "schema_version": 0,
          "attributes": {
            "id": "5562610538533648550",
            "triggers": null
          },
          "sensitive_attributes": [],
          "private": "bnVsbA==",
          "dependencies": [
            "local_file.inventory",
            "yandex_compute_instance.node01",
            "yandex_compute_instance.node02",
            "yandex_compute_instance.node03",
            "yandex_compute_instance.node04",
            "yandex_compute_instance.node05",
            "yandex_compute_instance.node06",
            "yandex_vpc_network.default",
            "yandex_vpc_subnet.default"
          ]
        }
      ]
    },
    {
      "mode": "managed",
      "type": "yandex_compute_instance",
      "name": "node01",
      "provider": "provider[\"registry.terraform.io/yandex-cloud/yandex\"]",
      "instances": [
        {
          "schema_version": 1,
          "attributes": {
            "allow_stopping_for_update": true,
            "boot_disk": [
              {
                "auto_delete": true,
                "device_name": "fhm0vcipe2jcao77cr0f",
                "disk_id": "fhm0vcipe2jcao77cr0f",
                "initialize_params": [
                  {
                    "block_size": 4096,
                    "description": "",
                    "image_id": "fd83vs5ng3qslk2pa99t",
                    "name": "root-node01",
                    "size": 10,
                    "snapshot_id": "",
                    "type": "network-ssd"
                  }
                ],
                "mode": "READ_WRITE"
              }
            ],
            "created_at": "2022-02-15T20:10:47Z",
            "description": "",
            "folder_id": "b1gd762fp1cah5nd98g6",
            "fqdn": "node01.netology.yc",
            "hostname": "node01",
            "id": "fhmohvsikm6fm9lfie7q",
            "labels": null,
            "metadata": {
              "ssh-keys": "centos:ssh-rsa AAAAB3NzaC1yc2EAAAADAQABAAABgQCzuHuTSlsMQXkL2oRMIFZA4IM0r4o1VtvMPYxMM3K8LhKQtO1rCDkkfL/5L+tHFaor8HpS1itkvN3jLdLn+wpq7YAGGgD8bnF4s2r5ziOCcLRoN9w5BO6pOxSSMqS3NubY/LDqc2Bwfj3kRBz+Fg+zRvGp37t9tbUQ+FFzNRGG1EXJy02YdxhfXuzaANe2WR+0lX5uQjcMmanB3Odpz0lMBJQarW1Twr3UEpeX4NinlK7SGuFtqI6Xpac/JvbYKjB3c7Uxcg6+d8K26QgLWp6qatuskj+4wNHFmKzlV0ytA0PZgMfZLWEiSWKhuPK4QIqVqeCSmKHK2SIcxhxmk8q1PYmNGbDAiosKpjfk2vbQRzx0aNuh9K9+7jDqcOnL7qwbAx+8GrnbUg2a/EkEtqixs8VIRS5k/5uluKmDanCCrYbTfG+9JGV8z9wNhnMGTU9k5y5+SFEl6ktAiaFGL7LDIBlEE9ZdXOy4W/Tj0dGZdmnJDSDDmhgY0OfexMnvG9U= root@90nbk0714\n"
            },
            "name": "node01",
            "network_acceleration_type": "standard",
            "network_interface": [
              {
                "dns_record": [],
                "index": 0,
                "ip_address": "192.168.101.11",
                "ipv4": true,
                "ipv6": false,
                "ipv6_address": "",
                "ipv6_dns_record": [],
                "mac_address": "d0:0d:18:8f:f9:2a",
                "nat": true,
                "nat_dns_record": [],
                "nat_ip_address": "84.201.134.212",
                "nat_ip_version": "IPV4",
                "security_group_ids": [],
                "subnet_id": "e9bt1nha6hlobpme1hc1"
              }
            ],
            "placement_policy": [
              {
                "placement_group_id": ""
              }
            ],
            "platform_id": "standard-v1",
            "resources": [
              {
                "core_fraction": 100,
                "cores": 4,
                "gpus": 0,
                "memory": 8
              }
            ],
            "scheduling_policy": [
              {
                "preemptible": false
              }
            ],
            "secondary_disk": [],
            "service_account_id": "",
            "status": "running",
            "timeouts": null,
            "zone": "ru-central1-a"
          },
          "sensitive_attributes": [],
          "private": "eyJlMmJmYjczMC1lY2FhLTExZTYtOGY4OC0zNDM2M2JjN2M0YzAiOnsiY3JlYXRlIjozMDAwMDAwMDAwMDAsImRlbGV0ZSI6MzAwMDAwMDAwMDAwLCJ1cGRhdGUiOjMwMDAwMDAwMDAwMH0sInNjaGVtYV92ZXJzaW9uIjoiMSJ9",
          "dependencies": [
            "yandex_vpc_network.default",
            "yandex_vpc_subnet.default"
          ]
        }
      ]
    },
    {
      "mode": "managed",
      "type": "yandex_compute_instance",
      "name": "node02",
      "provider": "provider[\"registry.terraform.io/yandex-cloud/yandex\"]",
      "instances": [
        {
          "schema_version": 1,
          "attributes": {
            "allow_stopping_for_update": true,
            "boot_disk": [
              {
                "auto_delete": true,
                "device_name": "fhmdfb0jsf6fkeu8ovp2",
                "disk_id": "fhmdfb0jsf6fkeu8ovp2",
                "initialize_params": [
                  {
                    "block_size": 4096,
                    "description": "",
                    "image_id": "fd83vs5ng3qslk2pa99t",
                    "name": "root-node02",
                    "size": 10,
                    "snapshot_id": "",
                    "type": "network-ssd"
                  }
                ],
                "mode": "READ_WRITE"
              }
            ],
            "created_at": "2022-02-15T20:10:47Z",
            "description": "",
            "folder_id": "b1gd762fp1cah5nd98g6",
            "fqdn": "node02.netology.yc",
            "hostname": "node02",
            "id": "fhms060f3f2g7fohplq5",
            "labels": null,
            "metadata": {
              "ssh-keys": "centos:ssh-rsa AAAAB3NzaC1yc2EAAAADAQABAAABgQCzuHuTSlsMQXkL2oRMIFZA4IM0r4o1VtvMPYxMM3K8LhKQtO1rCDkkfL/5L+tHFaor8HpS1itkvN3jLdLn+wpq7YAGGgD8bnF4s2r5ziOCcLRoN9w5BO6pOxSSMqS3NubY/LDqc2Bwfj3kRBz+Fg+zRvGp37t9tbUQ+FFzNRGG1EXJy02YdxhfXuzaANe2WR+0lX5uQjcMmanB3Odpz0lMBJQarW1Twr3UEpeX4NinlK7SGuFtqI6Xpac/JvbYKjB3c7Uxcg6+d8K26QgLWp6qatuskj+4wNHFmKzlV0ytA0PZgMfZLWEiSWKhuPK4QIqVqeCSmKHK2SIcxhxmk8q1PYmNGbDAiosKpjfk2vbQRzx0aNuh9K9+7jDqcOnL7qwbAx+8GrnbUg2a/EkEtqixs8VIRS5k/5uluKmDanCCrYbTfG+9JGV8z9wNhnMGTU9k5y5+SFEl6ktAiaFGL7LDIBlEE9ZdXOy4W/Tj0dGZdmnJDSDDmhgY0OfexMnvG9U= root@90nbk0714\n"
            },
            "name": "node02",
            "network_acceleration_type": "standard",
            "network_interface": [
              {
                "dns_record": [],
                "index": 0,
                "ip_address": "192.168.101.12",
                "ipv4": true,
                "ipv6": false,
                "ipv6_address": "",
                "ipv6_dns_record": [],
                "mac_address": "d0:0d:1c:01:80:f1",
                "nat": true,
                "nat_dns_record": [],
                "nat_ip_address": "84.201.129.58",
                "nat_ip_version": "IPV4",
                "security_group_ids": [],
                "subnet_id": "e9bt1nha6hlobpme1hc1"
              }
            ],
            "placement_policy": [
              {
                "placement_group_id": ""
              }
            ],
            "platform_id": "standard-v1",
            "resources": [
              {
                "core_fraction": 100,
                "cores": 4,
                "gpus": 0,
                "memory": 8
              }
            ],
            "scheduling_policy": [
              {
                "preemptible": false
              }
            ],
            "secondary_disk": [],
            "service_account_id": "",
            "status": "running",
            "timeouts": null,
            "zone": "ru-central1-a"
          },
          "sensitive_attributes": [],
          "private": "eyJlMmJmYjczMC1lY2FhLTExZTYtOGY4OC0zNDM2M2JjN2M0YzAiOnsiY3JlYXRlIjozMDAwMDAwMDAwMDAsImRlbGV0ZSI6MzAwMDAwMDAwMDAwLCJ1cGRhdGUiOjMwMDAwMDAwMDAwMH0sInNjaGVtYV92ZXJzaW9uIjoiMSJ9",
          "dependencies": [
            "yandex_vpc_network.default",
            "yandex_vpc_subnet.default"
          ]
        }
      ]
    },
    {
      "mode": "managed",
      "type": "yandex_compute_instance",
      "name": "node03",
      "provider": "provider[\"registry.terraform.io/yandex-cloud/yandex\"]",
      "instances": [
        {
          "schema_version": 1,
          "attributes": {
            "allow_stopping_for_update": true,
            "boot_disk": [
              {
                "auto_delete": true,
                "device_name": "fhm0hsdnspejg5ds88oo",
                "disk_id": "fhm0hsdnspejg5ds88oo",
                "initialize_params": [
                  {
                    "block_size": 4096,
                    "description": "",
                    "image_id": "fd83vs5ng3qslk2pa99t",
                    "name": "root-node03",
                    "size": 10,
                    "snapshot_id": "",
                    "type": "network-ssd"
                  }
                ],
                "mode": "READ_WRITE"
              }
            ],
            "created_at": "2022-02-15T20:10:47Z",
            "description": "",
            "folder_id": "b1gd762fp1cah5nd98g6",
            "fqdn": "node03.netology.yc",
            "hostname": "node03",
            "id": "fhmd91amttg69bbdsmfg",
            "labels": null,
            "metadata": {
              "ssh-keys": "centos:ssh-rsa AAAAB3NzaC1yc2EAAAADAQABAAABgQCzuHuTSlsMQXkL2oRMIFZA4IM0r4o1VtvMPYxMM3K8LhKQtO1rCDkkfL/5L+tHFaor8HpS1itkvN3jLdLn+wpq7YAGGgD8bnF4s2r5ziOCcLRoN9w5BO6pOxSSMqS3NubY/LDqc2Bwfj3kRBz+Fg+zRvGp37t9tbUQ+FFzNRGG1EXJy02YdxhfXuzaANe2WR+0lX5uQjcMmanB3Odpz0lMBJQarW1Twr3UEpeX4NinlK7SGuFtqI6Xpac/JvbYKjB3c7Uxcg6+d8K26QgLWp6qatuskj+4wNHFmKzlV0ytA0PZgMfZLWEiSWKhuPK4QIqVqeCSmKHK2SIcxhxmk8q1PYmNGbDAiosKpjfk2vbQRzx0aNuh9K9+7jDqcOnL7qwbAx+8GrnbUg2a/EkEtqixs8VIRS5k/5uluKmDanCCrYbTfG+9JGV8z9wNhnMGTU9k5y5+SFEl6ktAiaFGL7LDIBlEE9ZdXOy4W/Tj0dGZdmnJDSDDmhgY0OfexMnvG9U= root@90nbk0714\n"
            },
            "name": "node03",
            "network_acceleration_type": "standard",
            "network_interface": [
              {
                "dns_record": [],
                "index": 0,
                "ip_address": "192.168.101.13",
                "ipv4": true,
                "ipv6": false,
                "ipv6_address": "",
                "ipv6_dns_record": [],
                "mac_address": "d0:0d:d4:85:56:ef",
                "nat": true,
                "nat_dns_record": [],
                "nat_ip_address": "62.84.125.231",
                "nat_ip_version": "IPV4",
                "security_group_ids": [],
                "subnet_id": "e9bt1nha6hlobpme1hc1"
              }
            ],
            "placement_policy": [
              {
                "placement_group_id": ""
              }
            ],
            "platform_id": "standard-v1",
            "resources": [
              {
                "core_fraction": 100,
                "cores": 4,
                "gpus": 0,
                "memory": 8
              }
            ],
            "scheduling_policy": [
              {
                "preemptible": false
              }
            ],
            "secondary_disk": [],
            "service_account_id": "",
            "status": "running",
            "timeouts": null,
            "zone": "ru-central1-a"
          },
          "sensitive_attributes": [],
          "private": "eyJlMmJmYjczMC1lY2FhLTExZTYtOGY4OC0zNDM2M2JjN2M0YzAiOnsiY3JlYXRlIjozMDAwMDAwMDAwMDAsImRlbGV0ZSI6MzAwMDAwMDAwMDAwLCJ1cGRhdGUiOjMwMDAwMDAwMDAwMH0sInNjaGVtYV92ZXJzaW9uIjoiMSJ9",
          "dependencies": [
            "yandex_vpc_network.default",
            "yandex_vpc_subnet.default"
          ]
        }
      ]
    },
    {
      "mode": "managed",
      "type": "yandex_compute_instance",
      "name": "node04",
      "provider": "provider[\"registry.terraform.io/yandex-cloud/yandex\"]",
      "instances": [
        {
          "schema_version": 1,
          "attributes": {
            "allow_stopping_for_update": true,
            "boot_disk": [
              {
                "auto_delete": true,
                "device_name": "fhm3h3o473pgd4k8id9b",
                "disk_id": "fhm3h3o473pgd4k8id9b",
                "initialize_params": [
                  {
                    "block_size": 4096,
                    "description": "",
                    "image_id": "fd83vs5ng3qslk2pa99t",
                    "name": "root-node04",
                    "size": 40,
                    "snapshot_id": "",
                    "type": "network-ssd"
                  }
                ],
                "mode": "READ_WRITE"
              }
            ],
            "created_at": "2022-02-15T20:10:48Z",
            "description": "",
            "folder_id": "b1gd762fp1cah5nd98g6",
            "fqdn": "node04.netology.yc",
            "hostname": "node04",
            "id": "fhmafo80p7d6eumg8kom",
            "labels": null,
            "metadata": {
              "ssh-keys": "centos:ssh-rsa AAAAB3NzaC1yc2EAAAADAQABAAABgQCzuHuTSlsMQXkL2oRMIFZA4IM0r4o1VtvMPYxMM3K8LhKQtO1rCDkkfL/5L+tHFaor8HpS1itkvN3jLdLn+wpq7YAGGgD8bnF4s2r5ziOCcLRoN9w5BO6pOxSSMqS3NubY/LDqc2Bwfj3kRBz+Fg+zRvGp37t9tbUQ+FFzNRGG1EXJy02YdxhfXuzaANe2WR+0lX5uQjcMmanB3Odpz0lMBJQarW1Twr3UEpeX4NinlK7SGuFtqI6Xpac/JvbYKjB3c7Uxcg6+d8K26QgLWp6qatuskj+4wNHFmKzlV0ytA0PZgMfZLWEiSWKhuPK4QIqVqeCSmKHK2SIcxhxmk8q1PYmNGbDAiosKpjfk2vbQRzx0aNuh9K9+7jDqcOnL7qwbAx+8GrnbUg2a/EkEtqixs8VIRS5k/5uluKmDanCCrYbTfG+9JGV8z9wNhnMGTU9k5y5+SFEl6ktAiaFGL7LDIBlEE9ZdXOy4W/Tj0dGZdmnJDSDDmhgY0OfexMnvG9U= root@90nbk0714\n"
            },
            "name": "node04",
            "network_acceleration_type": "standard",
            "network_interface": [
              {
                "dns_record": [],
                "index": 0,
                "ip_address": "192.168.101.14",
                "ipv4": true,
                "ipv6": false,
                "ipv6_address": "",
                "ipv6_dns_record": [],
                "mac_address": "d0:0d:a7:e1:00:c9",
                "nat": true,
                "nat_dns_record": [],
                "nat_ip_address": "62.84.124.169",
                "nat_ip_version": "IPV4",
                "security_group_ids": [],
                "subnet_id": "e9bt1nha6hlobpme1hc1"
              }
            ],
            "placement_policy": [
              {
                "placement_group_id": ""
              }
            ],
            "platform_id": "standard-v1",
            "resources": [
              {
                "core_fraction": 100,
                "cores": 4,
                "gpus": 0,
                "memory": 8
              }
            ],
            "scheduling_policy": [
              {
                "preemptible": false
              }
            ],
            "secondary_disk": [],
            "service_account_id": "",
            "status": "running",
            "timeouts": null,
            "zone": "ru-central1-a"
          },
          "sensitive_attributes": [],
          "private": "eyJlMmJmYjczMC1lY2FhLTExZTYtOGY4OC0zNDM2M2JjN2M0YzAiOnsiY3JlYXRlIjozMDAwMDAwMDAwMDAsImRlbGV0ZSI6MzAwMDAwMDAwMDAwLCJ1cGRhdGUiOjMwMDAwMDAwMDAwMH0sInNjaGVtYV92ZXJzaW9uIjoiMSJ9",
          "dependencies": [
            "yandex_vpc_network.default",
            "yandex_vpc_subnet.default"
          ]
        }
      ]
    },
    {
      "mode": "managed",
      "type": "yandex_compute_instance",
      "name": "node05",
      "provider": "provider[\"registry.terraform.io/yandex-cloud/yandex\"]",
      "instances": [
        {
          "schema_version": 1,
          "attributes": {
            "allow_stopping_for_update": true,
            "boot_disk": [
              {
                "auto_delete": true,
                "device_name": "fhm9kr8mpliqv34kat7u",
                "disk_id": "fhm9kr8mpliqv34kat7u",
                "initialize_params": [
                  {
                    "block_size": 4096,
                    "description": "",
                    "image_id": "fd83vs5ng3qslk2pa99t",
                    "name": "root-node05",
                    "size": 40,
                    "snapshot_id": "",
                    "type": "network-ssd"
                  }
                ],
                "mode": "READ_WRITE"
              }
            ],
            "created_at": "2022-02-15T20:10:48Z",
            "description": "",
            "folder_id": "b1gd762fp1cah5nd98g6",
            "fqdn": "node05.netology.yc",
            "hostname": "node05",
            "id": "fhmmt010kiko1jgr0eu1",
            "labels": null,
            "metadata": {
              "ssh-keys": "centos:ssh-rsa AAAAB3NzaC1yc2EAAAADAQABAAABgQCzuHuTSlsMQXkL2oRMIFZA4IM0r4o1VtvMPYxMM3K8LhKQtO1rCDkkfL/5L+tHFaor8HpS1itkvN3jLdLn+wpq7YAGGgD8bnF4s2r5ziOCcLRoN9w5BO6pOxSSMqS3NubY/LDqc2Bwfj3kRBz+Fg+zRvGp37t9tbUQ+FFzNRGG1EXJy02YdxhfXuzaANe2WR+0lX5uQjcMmanB3Odpz0lMBJQarW1Twr3UEpeX4NinlK7SGuFtqI6Xpac/JvbYKjB3c7Uxcg6+d8K26QgLWp6qatuskj+4wNHFmKzlV0ytA0PZgMfZLWEiSWKhuPK4QIqVqeCSmKHK2SIcxhxmk8q1PYmNGbDAiosKpjfk2vbQRzx0aNuh9K9+7jDqcOnL7qwbAx+8GrnbUg2a/EkEtqixs8VIRS5k/5uluKmDanCCrYbTfG+9JGV8z9wNhnMGTU9k5y5+SFEl6ktAiaFGL7LDIBlEE9ZdXOy4W/Tj0dGZdmnJDSDDmhgY0OfexMnvG9U= root@90nbk0714\n"
            },
            "name": "node05",
            "network_acceleration_type": "standard",
            "network_interface": [
              {
                "dns_record": [],
                "index": 0,
                "ip_address": "192.168.101.15",
                "ipv4": true,
                "ipv6": false,
                "ipv6_address": "",
                "ipv6_dns_record": [],
                "mac_address": "d0:0d:16:e8:02:0a",
                "nat": true,
                "nat_dns_record": [],
                "nat_ip_address": "84.201.131.123",
                "nat_ip_version": "IPV4",
                "security_group_ids": [],
                "subnet_id": "e9bt1nha6hlobpme1hc1"
              }
            ],
            "placement_policy": [
              {
                "placement_group_id": ""
              }
            ],
            "platform_id": "standard-v1",
            "resources": [
              {
                "core_fraction": 100,
                "cores": 4,
                "gpus": 0,
                "memory": 8
              }
            ],
            "scheduling_policy": [
              {
                "preemptible": false
              }
            ],
            "secondary_disk": [],
            "service_account_id": "",
            "status": "running",
            "timeouts": null,
            "zone": "ru-central1-a"
          },
          "sensitive_attributes": [],
          "private": "eyJlMmJmYjczMC1lY2FhLTExZTYtOGY4OC0zNDM2M2JjN2M0YzAiOnsiY3JlYXRlIjozMDAwMDAwMDAwMDAsImRlbGV0ZSI6MzAwMDAwMDAwMDAwLCJ1cGRhdGUiOjMwMDAwMDAwMDAwMH0sInNjaGVtYV92ZXJzaW9uIjoiMSJ9",
          "dependencies": [
            "yandex_vpc_network.default",
            "yandex_vpc_subnet.default"
          ]
        }
      ]
    },
    {
      "mode": "managed",
      "type": "yandex_compute_instance",
      "name": "node06",
      "provider": "provider[\"registry.terraform.io/yandex-cloud/yandex\"]",
      "instances": [
        {
          "schema_version": 1,
          "attributes": {
            "allow_stopping_for_update": true,
            "boot_disk": [
              {
                "auto_delete": true,
                "device_name": "fhm2ja8g9mrd6b4ap83e",
                "disk_id": "fhm2ja8g9mrd6b4ap83e",
                "initialize_params": [
                  {
                    "block_size": 4096,
                    "description": "",
                    "image_id": "fd83vs5ng3qslk2pa99t",
                    "name": "root-node06",
                    "size": 40,
                    "snapshot_id": "",
                    "type": "network-ssd"
                  }
                ],
                "mode": "READ_WRITE"
              }
            ],
            "created_at": "2022-02-15T20:10:47Z",
            "description": "",
            "folder_id": "b1gd762fp1cah5nd98g6",
            "fqdn": "node06.netology.yc",
            "hostname": "node06",
            "id": "fhmhbu64g7g82lp5p4j3",
            "labels": null,
            "metadata": {
              "ssh-keys": "centos:ssh-rsa AAAAB3NzaC1yc2EAAAADAQABAAABgQCzuHuTSlsMQXkL2oRMIFZA4IM0r4o1VtvMPYxMM3K8LhKQtO1rCDkkfL/5L+tHFaor8HpS1itkvN3jLdLn+wpq7YAGGgD8bnF4s2r5ziOCcLRoN9w5BO6pOxSSMqS3NubY/LDqc2Bwfj3kRBz+Fg+zRvGp37t9tbUQ+FFzNRGG1EXJy02YdxhfXuzaANe2WR+0lX5uQjcMmanB3Odpz0lMBJQarW1Twr3UEpeX4NinlK7SGuFtqI6Xpac/JvbYKjB3c7Uxcg6+d8K26QgLWp6qatuskj+4wNHFmKzlV0ytA0PZgMfZLWEiSWKhuPK4QIqVqeCSmKHK2SIcxhxmk8q1PYmNGbDAiosKpjfk2vbQRzx0aNuh9K9+7jDqcOnL7qwbAx+8GrnbUg2a/EkEtqixs8VIRS5k/5uluKmDanCCrYbTfG+9JGV8z9wNhnMGTU9k5y5+SFEl6ktAiaFGL7LDIBlEE9ZdXOy4W/Tj0dGZdmnJDSDDmhgY0OfexMnvG9U= root@90nbk0714\n"
            },
            "name": "node06",
            "network_acceleration_type": "standard",
            "network_interface": [
              {
                "dns_record": [],
                "index": 0,
                "ip_address": "192.168.101.16",
                "ipv4": true,
                "ipv6": false,
                "ipv6_address": "",
                "ipv6_dns_record": [],
                "mac_address": "d0:0d:11:5f:8c:48",
                "nat": true,
                "nat_dns_record": [],
                "nat_ip_address": "51.250.6.235",
                "nat_ip_version": "IPV4",
                "security_group_ids": [],
                "subnet_id": "e9bt1nha6hlobpme1hc1"
              }
            ],
            "placement_policy": [
              {
                "placement_group_id": ""
              }
            ],
            "platform_id": "standard-v1",
            "resources": [
              {
                "core_fraction": 100,
                "cores": 4,
                "gpus": 0,
                "memory": 8
              }
            ],
            "scheduling_policy": [
              {
                "preemptible": false
              }
            ],
            "secondary_disk": [],
            "service_account_id": "",
            "status": "running",
            "timeouts": null,
            "zone": "ru-central1-a"
          },
          "sensitive_attributes": [],
          "private": "eyJlMmJmYjczMC1lY2FhLTExZTYtOGY4OC0zNDM2M2JjN2M0YzAiOnsiY3JlYXRlIjozMDAwMDAwMDAwMDAsImRlbGV0ZSI6MzAwMDAwMDAwMDAwLCJ1cGRhdGUiOjMwMDAwMDAwMDAwMH0sInNjaGVtYV92ZXJzaW9uIjoiMSJ9",
          "dependencies": [
            "yandex_vpc_network.default",
            "yandex_vpc_subnet.default"
          ]
        }
      ]
    },
    {
      "mode": "managed",
      "type": "yandex_vpc_network",
      "name": "default",
      "provider": "provider[\"registry.terraform.io/yandex-cloud/yandex\"]",
      "instances": [
        {
          "schema_version": 0,
          "attributes": {
            "created_at": "2022-02-15T20:10:45Z",
            "default_security_group_id": "",
            "description": "",
            "folder_id": "b1gd762fp1cah5nd98g6",
            "id": "enp1gf7rl3rgl4jrnp20",
            "labels": {},
            "name": "net",
            "subnet_ids": [],
            "timeouts": null
          },
          "sensitive_attributes": [],
          "private": "eyJlMmJmYjczMC1lY2FhLTExZTYtOGY4OC0zNDM2M2JjN2M0YzAiOnsiY3JlYXRlIjo2MDAwMDAwMDAwMCwiZGVsZXRlIjo2MDAwMDAwMDAwMCwidXBkYXRlIjo2MDAwMDAwMDAwMH19"
        }
      ]
    },
    {
      "mode": "managed",
      "type": "yandex_vpc_subnet",
      "name": "default",
      "provider": "provider[\"registry.terraform.io/yandex-cloud/yandex\"]",
      "instances": [
        {
          "schema_version": 0,
          "attributes": {
            "created_at": "2022-02-15T20:10:46Z",
            "description": "",
            "dhcp_options": [],
            "folder_id": "b1gd762fp1cah5nd98g6",
            "id": "e9bt1nha6hlobpme1hc1",
            "labels": {},
            "name": "subnet",
            "network_id": "enp1gf7rl3rgl4jrnp20",
            "route_table_id": "",
            "timeouts": null,
            "v4_cidr_blocks": [
              "192.168.101.0/24"
            ],
            "v6_cidr_blocks": [],
            "zone": "ru-central1-a"
          },
          "sensitive_attributes": [],
          "private": "eyJlMmJmYjczMC1lY2FhLTExZTYtOGY4OC0zNDM2M2JjN2M0YzAiOnsiY3JlYXRlIjoxODAwMDAwMDAwMDAsImRlbGV0ZSI6MTgwMDAwMDAwMDAwLCJ1cGRhdGUiOjE4MDAwMDAwMDAwMH19",
          "dependencies": [
            "yandex_vpc_network.default"
          ]
        }
      ]
    }
  ]
}
