{
  "version": 4,
  "terraform_version": "1.1.5",
  "serial": 44,
  "lineage": "0594e263-def4-c716-340a-73bb3085c717",
  "outputs": {
    "external_ip_address_node01_yandex_cloud": {
      "value": "62.84.112.160",
      "type": "string"
    },
    "external_ip_address_node02_yandex_cloud": {
      "value": "51.250.4.46",
      "type": "string"
    },
    "internal_ip_address_node01_yandex_cloud": {
      "value": "192.168.101.23",
      "type": "string"
    },
    "internal_ip_address_node02_yandex_cloud": {
      "value": "192.168.101.13",
      "type": "string"
    }
  },
  "resources": [
    {
      "mode": "managed",
      "type": "yandex_compute_instance",
      "name": "node01",
      "provider": "provider[\"registry.terraform.io/yandex-cloud/yandex\"]",
      "instances": [
        {
          "schema_version": 1,
          "attributes": {
            "allow_stopping_for_update": true,
            "boot_disk": [
              {
                "auto_delete": true,
                "device_name": "fhmbf9s2qp5e62fcjjuu",
                "disk_id": "fhmbf9s2qp5e62fcjjuu",
                "initialize_params": [
                  {
                    "block_size": 4096,
                    "description": "",
                    "image_id": "fd83vs5ng3qslk2pa99t",
                    "name": "root-node01",
                    "size": 50,
                    "snapshot_id": "",
                    "type": "network-ssd"
                  }
                ],
                "mode": "READ_WRITE"
              }
            ],
            "created_at": "2022-02-08T12:31:19Z",
            "description": "",
            "folder_id": "b1gd762fp1cah5nd98g6",
            "fqdn": "node01.netology.cloud",
            "hostname": "node01",
            "id": "fhmv3gremb022d1its11",
            "labels": null,
            "metadata": {
              "ssh-keys": "centos:ssh-rsa AAAAB3NzaC1yc2EAAAADAQABAAABgQDf38pMeldesNTnacPPaHCDguMVU0utDKow7uyWVplkD5fHAweDiAe5MSMBcChiL1dEaulVAHuBZ9ck0Vj86AdivoGt/p3WWMlHBSRYw1l86TwZQm5p5U2hqxbfv9MnGB4eAwDavOSaHLGDrINvcx5YzTmiwbbmUFD60VtL3WDwyBdRGpipzOpfXTAboadA4spNYahvBGsLqbe6yxUwVgSIAZw75Dt7wrByJF7s3rfpI+IyflHxIhAD/T+PeflEvHsMHPAk6t/Srlr60qmowGLsA4+WNip4yJpHDki7/9aiJCbRxxbwyjkv63JBkiWXb/DBpzmIjtyttiVGORmUOl+wcfZDMx2gwBqL/XrHlkl9o6IVgBKV6J184QO4SdwX3abs0EwXMQZLOQCLwarLNHApEFn3RgVYMU1+EbelDn3vgZ4GVozEsSNbq/9FrBS3IxmCEw55OM/m1jkuTVZSDcCOJTm9L2JOK0ouukEDH7K42q9TTGrtuRu8qQpJWgMPNlE= yolo@90nbk0714\n"
            },
            "name": "node01",
            "network_acceleration_type": "standard",
            "network_interface": [
              {
                "dns_record": [],
                "index": 0,
                "ip_address": "192.168.101.23",
                "ipv4": true,
                "ipv6": false,
                "ipv6_address": "",
                "ipv6_dns_record": [],
                "mac_address": "d0:0d:1f:1c:36:eb",
                "nat": true,
                "nat_dns_record": [],
                "nat_ip_address": "62.84.112.160",
                "nat_ip_version": "IPV4",
                "security_group_ids": [],
                "subnet_id": "e9bf625qv1cg0vevt4gp"
              }
            ],
            "placement_policy": [
              {
                "placement_group_id": ""
              }
            ],
            "platform_id": "standard-v1",
            "resources": [
              {
                "core_fraction": 100,
                "cores": 8,
                "gpus": 0,
                "memory": 8
              }
            ],
            "scheduling_policy": [
              {
                "preemptible": false
              }
            ],
            "secondary_disk": [],
            "service_account_id": "",
            "status": "running",
            "timeouts": null,
            "zone": "ru-central1-a"
          },
          "sensitive_attributes": [],
          "private": "eyJlMmJmYjczMC1lY2FhLTExZTYtOGY4OC0zNDM2M2JjN2M0YzAiOnsiY3JlYXRlIjozMDAwMDAwMDAwMDAsImRlbGV0ZSI6MzAwMDAwMDAwMDAwLCJ1cGRhdGUiOjMwMDAwMDAwMDAwMH0sInNjaGVtYV92ZXJzaW9uIjoiMSJ9",
          "dependencies": [
            "yandex_vpc_network.default",
            "yandex_vpc_subnet.default"
          ]
        }
      ]
    },
    {
      "mode": "managed",
      "type": "yandex_compute_instance",
      "name": "node02",
      "provider": "provider[\"registry.terraform.io/yandex-cloud/yandex\"]",
      "instances": [
        {
          "schema_version": 1,
          "attributes": {
            "allow_stopping_for_update": true,
            "boot_disk": [
              {
                "auto_delete": true,
                "device_name": "fhmi3kaj3j2r4jncft2i",
                "disk_id": "fhmi3kaj3j2r4jncft2i",
                "initialize_params": [
                  {
                    "block_size": 4096,
                    "description": "",
                    "image_id": "fd83vs5ng3qslk2pa99t",
                    "name": "root-node02",
                    "size": 40,
                    "snapshot_id": "",
                    "type": "network-ssd"
                  }
                ],
                "mode": "READ_WRITE"
              }
            ],
            "created_at": "2022-02-08T12:31:19Z",
            "description": "",
            "folder_id": "b1gd762fp1cah5nd98g6",
            "fqdn": "node02.netology.cloud",
            "hostname": "node02",
            "id": "fhmqnduatqrrjdlbb420",
            "labels": null,
            "metadata": {
              "ssh-keys": "centos:ssh-rsa AAAAB3NzaC1yc2EAAAADAQABAAABgQDf38pMeldesNTnacPPaHCDguMVU0utDKow7uyWVplkD5fHAweDiAe5MSMBcChiL1dEaulVAHuBZ9ck0Vj86AdivoGt/p3WWMlHBSRYw1l86TwZQm5p5U2hqxbfv9MnGB4eAwDavOSaHLGDrINvcx5YzTmiwbbmUFD60VtL3WDwyBdRGpipzOpfXTAboadA4spNYahvBGsLqbe6yxUwVgSIAZw75Dt7wrByJF7s3rfpI+IyflHxIhAD/T+PeflEvHsMHPAk6t/Srlr60qmowGLsA4+WNip4yJpHDki7/9aiJCbRxxbwyjkv63JBkiWXb/DBpzmIjtyttiVGORmUOl+wcfZDMx2gwBqL/XrHlkl9o6IVgBKV6J184QO4SdwX3abs0EwXMQZLOQCLwarLNHApEFn3RgVYMU1+EbelDn3vgZ4GVozEsSNbq/9FrBS3IxmCEw55OM/m1jkuTVZSDcCOJTm9L2JOK0ouukEDH7K42q9TTGrtuRu8qQpJWgMPNlE= yolo@90nbk0714\n"
            },
            "name": "node02",
            "network_acceleration_type": "standard",
            "network_interface": [
              {
                "dns_record": [],
                "index": 0,
                "ip_address": "192.168.101.13",
                "ipv4": true,
                "ipv6": false,
                "ipv6_address": "",
                "ipv6_dns_record": [],
                "mac_address": "d0:0d:1a:bb:7c:ae",
                "nat": true,
                "nat_dns_record": [],
                "nat_ip_address": "51.250.4.46",
                "nat_ip_version": "IPV4",
                "security_group_ids": [],
                "subnet_id": "e9bf625qv1cg0vevt4gp"
              }
            ],
            "placement_policy": [
              {
                "placement_group_id": ""
              }
            ],
            "platform_id": "standard-v1",
            "resources": [
              {
                "core_fraction": 100,
                "cores": 2,
                "gpus": 0,
                "memory": 4
              }
            ],
            "scheduling_policy": [
              {
                "preemptible": false
              }
            ],
            "secondary_disk": [],
            "service_account_id": "",
            "status": "running",
            "timeouts": null,
            "zone": "ru-central1-a"
          },
          "sensitive_attributes": [],
          "private": "eyJlMmJmYjczMC1lY2FhLTExZTYtOGY4OC0zNDM2M2JjN2M0YzAiOnsiY3JlYXRlIjozMDAwMDAwMDAwMDAsImRlbGV0ZSI6MzAwMDAwMDAwMDAwLCJ1cGRhdGUiOjMwMDAwMDAwMDAwMH0sInNjaGVtYV92ZXJzaW9uIjoiMSJ9",
          "dependencies": [
            "yandex_vpc_network.default",
            "yandex_vpc_subnet.default"
          ]
        }
      ]
    },
    {
      "mode": "managed",
      "type": "yandex_vpc_network",
      "name": "default",
      "provider": "provider[\"registry.terraform.io/yandex-cloud/yandex\"]",
      "instances": [
        {
          "schema_version": 0,
          "attributes": {
            "created_at": "2022-02-08T12:31:17Z",
            "default_security_group_id": "",
            "description": "",
            "folder_id": "b1gd762fp1cah5nd98g6",
            "id": "enpp04u55rh866si9qb5",
            "labels": {},
            "name": "net",
            "subnet_ids": [],
            "timeouts": null
          },
          "sensitive_attributes": [],
          "private": "eyJlMmJmYjczMC1lY2FhLTExZTYtOGY4OC0zNDM2M2JjN2M0YzAiOnsiY3JlYXRlIjo2MDAwMDAwMDAwMCwiZGVsZXRlIjo2MDAwMDAwMDAwMCwidXBkYXRlIjo2MDAwMDAwMDAwMH19"
        }
      ]
    },
    {
      "mode": "managed",
      "type": "yandex_vpc_subnet",
      "name": "default",
      "provider": "provider[\"registry.terraform.io/yandex-cloud/yandex\"]",
      "instances": [
        {
          "schema_version": 0,
          "attributes": {
            "created_at": "2022-02-08T12:31:18Z",
            "description": "",
            "dhcp_options": [],
            "folder_id": "b1gd762fp1cah5nd98g6",
            "id": "e9bf625qv1cg0vevt4gp",
            "labels": {},
            "name": "subnet",
            "network_id": "enpp04u55rh866si9qb5",
            "route_table_id": "",
            "timeouts": null,
            "v4_cidr_blocks": [
              "192.168.101.0/24"
            ],
            "v6_cidr_blocks": [],
            "zone": "ru-central1-a"
          },
          "sensitive_attributes": [],
          "private": "eyJlMmJmYjczMC1lY2FhLTExZTYtOGY4OC0zNDM2M2JjN2M0YzAiOnsiY3JlYXRlIjoxODAwMDAwMDAwMDAsImRlbGV0ZSI6MTgwMDAwMDAwMDAwLCJ1cGRhdGUiOjE4MDAwMDAwMDAwMH19",
          "dependencies": [
            "yandex_vpc_network.default"
          ]
        }
      ]
    }
  ]
}
